
Microsoft Visual Studio Solution File, Format Version 12.00
# Visual Studio Version 17
VisualStudioVersion = 17.14.36623.8 d17.14
MinimumVisualStudioVersion = 10.0.40219.1
Project("{2150E333-8FDC-42A3-9474-1A3956D46DE8}") = "src", "src", "{02EA681E-C7D8-13C7-8484-4AC65E1B71E8}"
EndProject
Project("{2150E333-8FDC-42A3-9474-1A3956D46DE8}") = "core", "core", "{4FD36C62-EEEB-42C4-9C65-DF9E90DCC9F0}"
EndProject
Project("{FAE04EC0-301F-11D3-BF4B-00C04F79EFBC}") = "Domain", "Domain\Domain.csproj", "{F55113A8-22BF-4F55-972C-56E877C5609F}"
EndProject
Project("{FAE04EC0-301F-11D3-BF4B-00C04F79EFBC}") = "Application", "Application\Application.csproj", "{35135EDC-3FBE-49AC-80B7-BCC8900A530F}"
EndProject
Project("{FAE04EC0-301F-11D3-BF4B-00C04F79EFBC}") = "Infrastructure", "Infrastructure\Infrastructure.csproj", "{B05D3D42-F3CA-420E-924C-474E34DD3942}"
EndProject
Project("{FAE04EC0-301F-11D3-BF4B-00C04F79EFBC}") = "WebApi", "WebApi\WebApi.csproj", "{03D01347-4EB1-4338-881E-AD924FF39CC2}"
EndProject
Global
	GlobalSection(SolutionConfigurationPlatforms) = preSolution
		Debug|Any CPU = Debug|Any CPU
		Release|Any CPU = Release|Any CPU
	EndGlobalSection
	GlobalSection(ProjectConfigurationPlatforms) = postSolution
		{F55113A8-22BF-4F55-972C-56E877C5609F}.Debug|Any CPU.ActiveCfg = Debug|Any CPU
		{F55113A8-22BF-4F55-972C-56E877C5609F}.Debug|Any CPU.Build.0 = Debug|Any CPU
		{F55113A8-22BF-4F55-972C-56E877C5609F}.Release|Any CPU.ActiveCfg = Release|Any CPU
		{F55113A8-22BF-4F55-972C-56E877C5609F}.Release|Any CPU.Build.0 = Release|Any CPU
		{35135EDC-3FBE-49AC-80B7-BCC8900A530F}.Debug|Any CPU.ActiveCfg = Debug|Any CPU
		{35135EDC-3FBE-49AC-80B7-BCC8900A530F}.Debug|Any CPU.Build.0 = Debug|Any CPU
		{35135EDC-3FBE-49AC-80B7-BCC8900A530F}.Release|Any CPU.ActiveCfg = Release|Any CPU
		{35135EDC-3FBE-49AC-80B7-BCC8900A530F}.Release|Any CPU.Build.0 = Release|Any CPU
		{B05D3D42-F3CA-420E-924C-474E34DD3942}.Debug|Any CPU.ActiveCfg = Debug|Any CPU
		{B05D3D42-F3CA-420E-924C-474E34DD3942}.Debug|Any CPU.Build.0 = Debug|Any CPU
		{B05D3D42-F3CA-420E-924C-474E34DD3942}.Release|Any CPU.ActiveCfg = Release|Any CPU
		{B05D3D42-F3CA-420E-924C-474E34DD3942}.Release|Any CPU.Build.0 = Release|Any CPU
		{03D01347-4EB1-4338-881E-AD924FF39CC2}.Debug|Any CPU.ActiveCfg = Debug|Any CPU
		{03D01347-4EB1-4338-881E-AD924FF39CC2}.Debug|Any CPU.Build.0 = Debug|Any CPU
		{03D01347-4EB1-4338-881E-AD924FF39CC2}.Release|Any CPU.ActiveCfg = Release|Any CPU
		{03D01347-4EB1-4338-881E-AD924FF39CC2}.Release|Any CPU.Build.0 = Release|Any CPU
	EndGlobalSection
	GlobalSection(SolutionProperties) = preSolution
		HideSolutionNode = FALSE
	EndGlobalSection
	GlobalSection(NestedProjects) = preSolution
		{4FD36C62-EEEB-42C4-9C65-DF9E90DCC9F0} = {02EA681E-C7D8-13C7-8484-4AC65E1B71E8}
		{F55113A8-22BF-4F55-972C-56E877C5609F} = {4FD36C62-EEEB-42C4-9C65-DF9E90DCC9F0}
		{35135EDC-3FBE-49AC-80B7-BCC8900A530F} = {4FD36C62-EEEB-42C4-9C65-DF9E90DCC9F0}
		{B05D3D42-F3CA-420E-924C-474E34DD3942} = {02EA681E-C7D8-13C7-8484-4AC65E1B71E8}
		{03D01347-4EB1-4338-881E-AD924FF39CC2} = {02EA681E-C7D8-13C7-8484-4AC65E1B71E8}
	EndGlobalSection
	GlobalSection(ExtensibilityGlobals) = postSolution
		SolutionGuid = {AA60D9C6-15C2-4BCD-AB0F-23BC550D57AB}
	EndGlobalSection
EndGlobal
